
Microsoft Visual Studio Solution File, Format Version 12.00
# Visual Studio Version 17
VisualStudioVersion = 17.12.35728.132
MinimumVisualStudioVersion = 10.0.40219.1
Project("{FAE04EC0-301F-11D3-BF4B-00C04F79EFBC}") = "Sample01_TcpServerAndClient", "Sample01_TcpServerAndClient\Sample01_TcpServerAndClient.csproj", "{18CA6CC3-674E-4174-8C8B-4F8814C40DA6}"
EndProject
Project("{FAE04EC0-301F-11D3-BF4B-00C04F79EFBC}") = "CliLib", "CliLib\CliLib.csproj", "{F849D604-6208-4A44-9091-AF540A2F99D7}"
EndProject
Project("{FAE04EC0-301F-11D3-BF4B-00C04F79EFBC}") = "Sample00_Simple", "Sample00_Simple\Sample00_Simple.csproj", "{88F9B6F6-A548-4988-9C60-B0EA892BD5F3}"
EndProject
Project("{FAE04EC0-301F-11D3-BF4B-00C04F79EFBC}") = "Sample02_RestOfArguments", "Sample02_RestOfArguments\Sample02_RestOfArguments.csproj", "{4497734B-908C-4997-9151-D6581AB3FD30}"
EndProject
Project("{2150E333-8FDC-42A3-9474-1A3956D46DE8}") = "Doc", "Doc", "{8806BFB8-3273-4855-BB14-43094E913920}"
	ProjectSection(SolutionItems) = preProject
		Doc\Cli.xmind = Doc\Cli.xmind
		Doc\doc.txt = Doc\doc.txt
	EndProjectSection
EndProject
Project("{FAE04EC0-301F-11D3-BF4B-00C04F79EFBC}") = "Sample02_Interactive", "Sample03_Interactive\Sample02_Interactive.csproj", "{E1E615D7-CB94-4866-9C42-4A0530E91B72}"
EndProject
Project("{FAE04EC0-301F-11D3-BF4B-00C04F79EFBC}") = "Sample04_XmlC14n", "Sample04_XmlC14n\Sample04_XmlC14n.csproj", "{32AAB40A-981C-4EF9-89C4-220C2F25EC0D}"
EndProject
Global
	GlobalSection(SolutionConfigurationPlatforms) = preSolution
		Debug|Any CPU = Debug|Any CPU
		Release|Any CPU = Release|Any CPU
	EndGlobalSection
	GlobalSection(ProjectConfigurationPlatforms) = postSolution
		{18CA6CC3-674E-4174-8C8B-4F8814C40DA6}.Debug|Any CPU.ActiveCfg = Debug|Any CPU
		{18CA6CC3-674E-4174-8C8B-4F8814C40DA6}.Debug|Any CPU.Build.0 = Debug|Any CPU
		{18CA6CC3-674E-4174-8C8B-4F8814C40DA6}.Release|Any CPU.ActiveCfg = Release|Any CPU
		{18CA6CC3-674E-4174-8C8B-4F8814C40DA6}.Release|Any CPU.Build.0 = Release|Any CPU
		{F849D604-6208-4A44-9091-AF540A2F99D7}.Debug|Any CPU.ActiveCfg = Debug|Any CPU
		{F849D604-6208-4A44-9091-AF540A2F99D7}.Debug|Any CPU.Build.0 = Debug|Any CPU
		{F849D604-6208-4A44-9091-AF540A2F99D7}.Release|Any CPU.ActiveCfg = Release|Any CPU
		{F849D604-6208-4A44-9091-AF540A2F99D7}.Release|Any CPU.Build.0 = Release|Any CPU
		{88F9B6F6-A548-4988-9C60-B0EA892BD5F3}.Debug|Any CPU.ActiveCfg = Debug|Any CPU
		{88F9B6F6-A548-4988-9C60-B0EA892BD5F3}.Debug|Any CPU.Build.0 = Debug|Any CPU
		{88F9B6F6-A548-4988-9C60-B0EA892BD5F3}.Release|Any CPU.ActiveCfg = Release|Any CPU
		{88F9B6F6-A548-4988-9C60-B0EA892BD5F3}.Release|Any CPU.Build.0 = Release|Any CPU
		{4497734B-908C-4997-9151-D6581AB3FD30}.Debug|Any CPU.ActiveCfg = Debug|Any CPU
		{4497734B-908C-4997-9151-D6581AB3FD30}.Debug|Any CPU.Build.0 = Debug|Any CPU
		{4497734B-908C-4997-9151-D6581AB3FD30}.Release|Any CPU.ActiveCfg = Release|Any CPU
		{4497734B-908C-4997-9151-D6581AB3FD30}.Release|Any CPU.Build.0 = Release|Any CPU
		{E1E615D7-CB94-4866-9C42-4A0530E91B72}.Debug|Any CPU.ActiveCfg = Debug|Any CPU
		{E1E615D7-CB94-4866-9C42-4A0530E91B72}.Debug|Any CPU.Build.0 = Debug|Any CPU
		{E1E615D7-CB94-4866-9C42-4A0530E91B72}.Release|Any CPU.ActiveCfg = Release|Any CPU
		{E1E615D7-CB94-4866-9C42-4A0530E91B72}.Release|Any CPU.Build.0 = Release|Any CPU
		{32AAB40A-981C-4EF9-89C4-220C2F25EC0D}.Debug|Any CPU.ActiveCfg = Debug|Any CPU
		{32AAB40A-981C-4EF9-89C4-220C2F25EC0D}.Debug|Any CPU.Build.0 = Debug|Any CPU
		{32AAB40A-981C-4EF9-89C4-220C2F25EC0D}.Release|Any CPU.ActiveCfg = Release|Any CPU
		{32AAB40A-981C-4EF9-89C4-220C2F25EC0D}.Release|Any CPU.Build.0 = Release|Any CPU
	EndGlobalSection
	GlobalSection(SolutionProperties) = preSolution
		HideSolutionNode = FALSE
	EndGlobalSection
	GlobalSection(ExtensibilityGlobals) = postSolution
		SolutionGuid = {A4E89A76-0AB2-47FC-BFDF-B5C15DA64891}
	EndGlobalSection
EndGlobal
